// !$*UTF8*$!
{
	archiveVersion = 1;
	classes = {
	};
	objectVersion = 50;
	objects = {

/* Begin PBXBuildFile section */
		553986C7256114F900F858E4 /* ifconfigApp.swift in Sources */ = {isa = PBXBuildFile; fileRef = 553986C6256114F900F858E4 /* ifconfigApp.swift */; };
		553986C9256114F900F858E4 /* ContentView.swift in Sources */ = {isa = PBXBuildFile; fileRef = 553986C8256114F900F858E4 /* ContentView.swift */; };
		553986CB256114FB00F858E4 /* Assets.xcassets in Resources */ = {isa = PBXBuildFile; fileRef = 553986CA256114FB00F858E4 /* Assets.xcassets */; };
		553986CE256114FB00F858E4 /* Preview Assets.xcassets in Resources */ = {isa = PBXBuildFile; fileRef = 553986CD256114FB00F858E4 /* Preview Assets.xcassets */; };
		553986D9256114FC00F858E4 /* ifconfigTests.swift in Sources */ = {isa = PBXBuildFile; fileRef = 553986D8256114FC00F858E4 /* ifconfigTests.swift */; };
		553986E4256114FC00F858E4 /* ifconfigUITests.swift in Sources */ = {isa = PBXBuildFile; fileRef = 553986E3256114FC00F858E4 /* ifconfigUITests.swift */; };
		553986F62561152000F858E4 /* Ifconfig.swift in Sources */ = {isa = PBXBuildFile; fileRef = 553986F52561152000F858E4 /* Ifconfig.swift */; };
		553986FB2561159900F858E4 /* Port.swift in Sources */ = {isa = PBXBuildFile; fileRef = 553986FA2561159900F858E4 /* Port.swift */; };
		55398701256115FA00F858E4 /* Utils.swift in Sources */ = {isa = PBXBuildFile; fileRef = 55398700256115FA00F858E4 /* Utils.swift */; };
		553987062561165800F858E4 /* IfconfigAPI.swift in Sources */ = {isa = PBXBuildFile; fileRef = 553987052561165800F858E4 /* IfconfigAPI.swift */; };
		5539870F25611A2E00F858E4 /* IfconfigView.swift in Sources */ = {isa = PBXBuildFile; fileRef = 5539870E25611A2E00F858E4 /* IfconfigView.swift */; };
		5539871425611A7600F858E4 /* PortView.swift in Sources */ = {isa = PBXBuildFile; fileRef = 5539871325611A7600F858E4 /* PortView.swift */; };
		5539871925611AD200F858E4 /* IfconfigViewModel.swift in Sources */ = {isa = PBXBuildFile; fileRef = 5539871825611AD200F858E4 /* IfconfigViewModel.swift */; };
		553987252561214800F858E4 /* PortViewModel.swift in Sources */ = {isa = PBXBuildFile; fileRef = 553987242561214800F858E4 /* PortViewModel.swift */; };
/* End PBXBuildFile section */

/* Begin PBXContainerItemProxy section */
		553986D5256114FC00F858E4 /* PBXContainerItemProxy */ = {
			isa = PBXContainerItemProxy;
			containerPortal = 553986BB256114F900F858E4 /* Project object */;
			proxyType = 1;
			remoteGlobalIDString = 553986C2256114F900F858E4;
			remoteInfo = ifconfig;
		};
		553986E0256114FC00F858E4 /* PBXContainerItemProxy */ = {
			isa = PBXContainerItemProxy;
			containerPortal = 553986BB256114F900F858E4 /* Project object */;
			proxyType = 1;
			remoteGlobalIDString = 553986C2256114F900F858E4;
			remoteInfo = ifconfig;
		};
/* End PBXContainerItemProxy section */

/* Begin PBXFileReference section */
		553986C3256114F900F858E4 /* ifconfig.app */ = {isa = PBXFileReference; explicitFileType = wrapper.application; includeInIndex = 0; path = ifconfig.app; sourceTree = BUILT_PRODUCTS_DIR; };
		553986C6256114F900F858E4 /* ifconfigApp.swift */ = {isa = PBXFileReference; lastKnownFileType = sourcecode.swift; path = ifconfigApp.swift; sourceTree = "<group>"; };
		553986C8256114F900F858E4 /* ContentView.swift */ = {isa = PBXFileReference; lastKnownFileType = sourcecode.swift; path = ContentView.swift; sourceTree = "<group>"; };
		553986CA256114FB00F858E4 /* Assets.xcassets */ = {isa = PBXFileReference; lastKnownFileType = folder.assetcatalog; path = Assets.xcassets; sourceTree = "<group>"; };
		553986CD256114FB00F858E4 /* Preview Assets.xcassets */ = {isa = PBXFileReference; lastKnownFileType = folder.assetcatalog; path = "Preview Assets.xcassets"; sourceTree = "<group>"; };
		553986CF256114FB00F858E4 /* Info.plist */ = {isa = PBXFileReference; lastKnownFileType = text.plist.xml; path = Info.plist; sourceTree = "<group>"; };
		553986D4256114FC00F858E4 /* ifconfigTests.xctest */ = {isa = PBXFileReference; explicitFileType = wrapper.cfbundle; includeInIndex = 0; path = ifconfigTests.xctest; sourceTree = BUILT_PRODUCTS_DIR; };
		553986D8256114FC00F858E4 /* ifconfigTests.swift */ = {isa = PBXFileReference; lastKnownFileType = sourcecode.swift; path = ifconfigTests.swift; sourceTree = "<group>"; };
		553986DA256114FC00F858E4 /* Info.plist */ = {isa = PBXFileReference; lastKnownFileType = text.plist.xml; path = Info.plist; sourceTree = "<group>"; };
		553986DF256114FC00F858E4 /* ifconfigUITests.xctest */ = {isa = PBXFileReference; explicitFileType = wrapper.cfbundle; includeInIndex = 0; path = ifconfigUITests.xctest; sourceTree = BUILT_PRODUCTS_DIR; };
		553986E3256114FC00F858E4 /* ifconfigUITests.swift */ = {isa = PBXFileReference; lastKnownFileType = sourcecode.swift; path = ifconfigUITests.swift; sourceTree = "<group>"; };
		553986E5256114FC00F858E4 /* Info.plist */ = {isa = PBXFileReference; lastKnownFileType = text.plist.xml; path = Info.plist; sourceTree = "<group>"; };
		553986F52561152000F858E4 /* Ifconfig.swift */ = {isa = PBXFileReference; lastKnownFileType = sourcecode.swift; path = Ifconfig.swift; sourceTree = "<group>"; };
		553986FA2561159900F858E4 /* Port.swift */ = {isa = PBXFileReference; lastKnownFileType = sourcecode.swift; path = Port.swift; sourceTree = "<group>"; };
		55398700256115FA00F858E4 /* Utils.swift */ = {isa = PBXFileReference; lastKnownFileType = sourcecode.swift; path = Utils.swift; sourceTree = "<group>"; };
		553987052561165800F858E4 /* IfconfigAPI.swift */ = {isa = PBXFileReference; lastKnownFileType = sourcecode.swift; path = IfconfigAPI.swift; sourceTree = "<group>"; };
		5539870E25611A2E00F858E4 /* IfconfigView.swift */ = {isa = PBXFileReference; lastKnownFileType = sourcecode.swift; path = IfconfigView.swift; sourceTree = "<group>"; };
		5539871325611A7600F858E4 /* PortView.swift */ = {isa = PBXFileReference; lastKnownFileType = sourcecode.swift; path = PortView.swift; sourceTree = "<group>"; };
		5539871825611AD200F858E4 /* IfconfigViewModel.swift */ = {isa = PBXFileReference; lastKnownFileType = sourcecode.swift; path = IfconfigViewModel.swift; sourceTree = "<group>"; };
		553987242561214800F858E4 /* PortViewModel.swift */ = {isa = PBXFileReference; lastKnownFileType = sourcecode.swift; path = PortViewModel.swift; sourceTree = "<group>"; };
/* End PBXFileReference section */

/* Begin PBXFrameworksBuildPhase section */
		553986C0256114F900F858E4 /* Frameworks */ = {
			isa = PBXFrameworksBuildPhase;
			buildActionMask = 2147483647;
			files = (
			);
			runOnlyForDeploymentPostprocessing = 0;
		};
		553986D1256114FC00F858E4 /* Frameworks */ = {
			isa = PBXFrameworksBuildPhase;
			buildActionMask = 2147483647;
			files = (
			);
			runOnlyForDeploymentPostprocessing = 0;
		};
		553986DC256114FC00F858E4 /* Frameworks */ = {
			isa = PBXFrameworksBuildPhase;
			buildActionMask = 2147483647;
			files = (
			);
			runOnlyForDeploymentPostprocessing = 0;
		};
/* End PBXFrameworksBuildPhase section */

/* Begin PBXGroup section */
		553986BA256114F900F858E4 = {
			isa = PBXGroup;
			children = (
				553986FF256115BD00F858E4 /* Common */,
				553986C5256114F900F858E4 /* ifconfig */,
				553986D7256114FC00F858E4 /* ifconfigTests */,
				553986E2256114FC00F858E4 /* ifconfigUITests */,
				553986C4256114F900F858E4 /* Products */,
			);
			sourceTree = "<group>";
		};
		553986C4256114F900F858E4 /* Products */ = {
			isa = PBXGroup;
			children = (
				553986C3256114F900F858E4 /* ifconfig.app */,
				553986D4256114FC00F858E4 /* ifconfigTests.xctest */,
				553986DF256114FC00F858E4 /* ifconfigUITests.xctest */,
			);
			name = Products;
			sourceTree = "<group>";
		};
		553986C5256114F900F858E4 /* ifconfig */ = {
			isa = PBXGroup;
			children = (
				5539871D25611AFB00F858E4 /* ViewModels */,
				5539870D25611A1D00F858E4 /* Views */,
				553986C6256114F900F858E4 /* ifconfigApp.swift */,
				553986C8256114F900F858E4 /* ContentView.swift */,
				553986CA256114FB00F858E4 /* Assets.xcassets */,
				553986CF256114FB00F858E4 /* Info.plist */,
				553986CC256114FB00F858E4 /* Preview Content */,
			);
			path = ifconfig;
			sourceTree = "<group>";
		};
		553986CC256114FB00F858E4 /* Preview Content */ = {
			isa = PBXGroup;
			children = (
				553986CD256114FB00F858E4 /* Preview Assets.xcassets */,
			);
			path = "Preview Content";
			sourceTree = "<group>";
		};
		553986D7256114FC00F858E4 /* ifconfigTests */ = {
			isa = PBXGroup;
			children = (
				553986D8256114FC00F858E4 /* ifconfigTests.swift */,
				553986DA256114FC00F858E4 /* Info.plist */,
			);
			path = ifconfigTests;
			sourceTree = "<group>";
		};
		553986E2256114FC00F858E4 /* ifconfigUITests */ = {
			isa = PBXGroup;
			children = (
				553986E3256114FC00F858E4 /* ifconfigUITests.swift */,
				553986E5256114FC00F858E4 /* Info.plist */,
			);
			path = ifconfigUITests;
			sourceTree = "<group>";
		};
		553986F42561150C00F858E4 /* Models */ = {
			isa = PBXGroup;
			children = (
				553986F52561152000F858E4 /* Ifconfig.swift */,
				553986FA2561159900F858E4 /* Port.swift */,
			);
			path = Models;
			sourceTree = "<group>";
		};
		553986FF256115BD00F858E4 /* Common */ = {
			isa = PBXGroup;
			children = (
				553986F42561150C00F858E4 /* Models */,
				55398700256115FA00F858E4 /* Utils.swift */,
				553987052561165800F858E4 /* IfconfigAPI.swift */,
			);
			path = Common;
			sourceTree = "<group>";
		};
		5539870D25611A1D00F858E4 /* Views */ = {
			isa = PBXGroup;
			children = (
				5539870E25611A2E00F858E4 /* IfconfigView.swift */,
				5539871325611A7600F858E4 /* PortView.swift */,
			);
			path = Views;
			sourceTree = "<group>";
		};
		5539871D25611AFB00F858E4 /* ViewModels */ = {
			isa = PBXGroup;
			children = (
				553987242561214800F858E4 /* PortViewModel.swift */,
				5539871825611AD200F858E4 /* IfconfigViewModel.swift */,
			);
			path = ViewModels;
			sourceTree = "<group>";
		};
/* End PBXGroup section */

/* Begin PBXNativeTarget section */
		553986C2256114F900F858E4 /* ifconfig */ = {
			isa = PBXNativeTarget;
			buildConfigurationList = 553986E8256114FC00F858E4 /* Build configuration list for PBXNativeTarget "ifconfig" */;
			buildPhases = (
				553986BF256114F900F858E4 /* Sources */,
				553986C0256114F900F858E4 /* Frameworks */,
				553986C1256114F900F858E4 /* Resources */,
			);
			buildRules = (
			);
			dependencies = (
			);
			name = ifconfig;
			productName = ifconfig;
			productReference = 553986C3256114F900F858E4 /* ifconfig.app */;
			productType = "com.apple.product-type.application";
		};
		553986D3256114FC00F858E4 /* ifconfigTests */ = {
			isa = PBXNativeTarget;
			buildConfigurationList = 553986EB256114FC00F858E4 /* Build configuration list for PBXNativeTarget "ifconfigTests" */;
			buildPhases = (
				553986D0256114FC00F858E4 /* Sources */,
				553986D1256114FC00F858E4 /* Frameworks */,
				553986D2256114FC00F858E4 /* Resources */,
			);
			buildRules = (
			);
			dependencies = (
				553986D6256114FC00F858E4 /* PBXTargetDependency */,
			);
			name = ifconfigTests;
			productName = ifconfigTests;
			productReference = 553986D4256114FC00F858E4 /* ifconfigTests.xctest */;
			productType = "com.apple.product-type.bundle.unit-test";
		};
		553986DE256114FC00F858E4 /* ifconfigUITests */ = {
			isa = PBXNativeTarget;
			buildConfigurationList = 553986EE256114FC00F858E4 /* Build configuration list for PBXNativeTarget "ifconfigUITests" */;
			buildPhases = (
				553986DB256114FC00F858E4 /* Sources */,
				553986DC256114FC00F858E4 /* Frameworks */,
				553986DD256114FC00F858E4 /* Resources */,
			);
			buildRules = (
			);
			dependencies = (
				553986E1256114FC00F858E4 /* PBXTargetDependency */,
			);
			name = ifconfigUITests;
			productName = ifconfigUITests;
			productReference = 553986DF256114FC00F858E4 /* ifconfigUITests.xctest */;
			productType = "com.apple.product-type.bundle.ui-testing";
		};
/* End PBXNativeTarget section */

/* Begin PBXProject section */
		553986BB256114F900F858E4 /* Project object */ = {
			isa = PBXProject;
			attributes = {
				LastSwiftUpdateCheck = 1220;
				LastUpgradeCheck = 1220;
				TargetAttributes = {
					553986C2256114F900F858E4 = {
						CreatedOnToolsVersion = 12.2;
					};
					553986D3256114FC00F858E4 = {
						CreatedOnToolsVersion = 12.2;
						TestTargetID = 553986C2256114F900F858E4;
					};
					553986DE256114FC00F858E4 = {
						CreatedOnToolsVersion = 12.2;
						TestTargetID = 553986C2256114F900F858E4;
					};
				};
			};
			buildConfigurationList = 553986BE256114F900F858E4 /* Build configuration list for PBXProject "ifconfig" */;
			compatibilityVersion = "Xcode 9.3";
			developmentRegion = en;
			hasScannedForEncodings = 0;
			knownRegions = (
				en,
				Base,
			);
			mainGroup = 553986BA256114F900F858E4;
			productRefGroup = 553986C4256114F900F858E4 /* Products */;
			projectDirPath = "";
			projectRoot = "";
			targets = (
				553986C2256114F900F858E4 /* ifconfig */,
				553986D3256114FC00F858E4 /* ifconfigTests */,
				553986DE256114FC00F858E4 /* ifconfigUITests */,
			);
		};
/* End PBXProject section */

/* Begin PBXResourcesBuildPhase section */
		553986C1256114F900F858E4 /* Resources */ = {
			isa = PBXResourcesBuildPhase;
			buildActionMask = 2147483647;
			files = (
				553986CE256114FB00F858E4 /* Preview Assets.xcassets in Resources */,
				553986CB256114FB00F858E4 /* Assets.xcassets in Resources */,
			);
			runOnlyForDeploymentPostprocessing = 0;
		};
		553986D2256114FC00F858E4 /* Resources */ = {
			isa = PBXResourcesBuildPhase;
			buildActionMask = 2147483647;
			files = (
			);
			runOnlyForDeploymentPostprocessing = 0;
		};
		553986DD256114FC00F858E4 /* Resources */ = {
			isa = PBXResourcesBuildPhase;
			buildActionMask = 2147483647;
			files = (
			);
			runOnlyForDeploymentPostprocessing = 0;
		};
/* End PBXResourcesBuildPhase section */

/* Begin PBXSourcesBuildPhase section */
		553986BF256114F900F858E4 /* Sources */ = {
			isa = PBXSourcesBuildPhase;
			buildActionMask = 2147483647;
			files = (
				55398701256115FA00F858E4 /* Utils.swift in Sources */,
				5539871425611A7600F858E4 /* PortView.swift in Sources */,
				553987062561165800F858E4 /* IfconfigAPI.swift in Sources */,
				553987252561214800F858E4 /* PortViewModel.swift in Sources */,
				553986C9256114F900F858E4 /* ContentView.swift in Sources */,
				553986C7256114F900F858E4 /* ifconfigApp.swift in Sources */,
				553986FB2561159900F858E4 /* Port.swift in Sources */,
				5539870F25611A2E00F858E4 /* IfconfigView.swift in Sources */,
				5539871925611AD200F858E4 /* IfconfigViewModel.swift in Sources */,
				553986F62561152000F858E4 /* Ifconfig.swift in Sources */,
			);
			runOnlyForDeploymentPostprocessing = 0;
		};
		553986D0256114FC00F858E4 /* Sources */ = {
			isa = PBXSourcesBuildPhase;
			buildActionMask = 2147483647;
			files = (
				553986D9256114FC00F858E4 /* ifconfigTests.swift in Sources */,
			);
			runOnlyForDeploymentPostprocessing = 0;
		};
		553986DB256114FC00F858E4 /* Sources */ = {
			isa = PBXSourcesBuildPhase;
			buildActionMask = 2147483647;
			files = (
				553986E4256114FC00F858E4 /* ifconfigUITests.swift in Sources */,
			);
			runOnlyForDeploymentPostprocessing = 0;
		};
/* End PBXSourcesBuildPhase section */

/* Begin PBXTargetDependency section */
		553986D6256114FC00F858E4 /* PBXTargetDependency */ = {
			isa = PBXTargetDependency;
			target = 553986C2256114F900F858E4 /* ifconfig */;
			targetProxy = 553986D5256114FC00F858E4 /* PBXContainerItemProxy */;
		};
		553986E1256114FC00F858E4 /* PBXTargetDependency */ = {
			isa = PBXTargetDependency;
			target = 553986C2256114F900F858E4 /* ifconfig */;
			targetProxy = 553986E0256114FC00F858E4 /* PBXContainerItemProxy */;
		};
/* End PBXTargetDependency section */

/* Begin XCBuildConfiguration section */
		553986E6256114FC00F858E4 /* Debug */ = {
			isa = XCBuildConfiguration;
			buildSettings = {
				ALWAYS_SEARCH_USER_PATHS = NO;
				CLANG_ANALYZER_NONNULL = YES;
				CLANG_ANALYZER_NUMBER_OBJECT_CONVERSION = YES_AGGRESSIVE;
				CLANG_CXX_LANGUAGE_STANDARD = "gnu++14";
				CLANG_CXX_LIBRARY = "libc++";
				CLANG_ENABLE_MODULES = YES;
				CLANG_ENABLE_OBJC_ARC = YES;
				CLANG_ENABLE_OBJC_WEAK = YES;
				CLANG_WARN_BLOCK_CAPTURE_AUTORELEASING = YES;
				CLANG_WARN_BOOL_CONVERSION = YES;
				CLANG_WARN_COMMA = YES;
				CLANG_WARN_CONSTANT_CONVERSION = YES;
				CLANG_WARN_DEPRECATED_OBJC_IMPLEMENTATIONS = YES;
				CLANG_WARN_DIRECT_OBJC_ISA_USAGE = YES_ERROR;
				CLANG_WARN_DOCUMENTATION_COMMENTS = YES;
				CLANG_WARN_EMPTY_BODY = YES;
				CLANG_WARN_ENUM_CONVERSION = YES;
				CLANG_WARN_INFINITE_RECURSION = YES;
				CLANG_WARN_INT_CONVERSION = YES;
				CLANG_WARN_NON_LITERAL_NULL_CONVERSION = YES;
				CLANG_WARN_OBJC_IMPLICIT_RETAIN_SELF = YES;
				CLANG_WARN_OBJC_LITERAL_CONVERSION = YES;
				CLANG_WARN_OBJC_ROOT_CLASS = YES_ERROR;
				CLANG_WARN_QUOTED_INCLUDE_IN_FRAMEWORK_HEADER = YES;
				CLANG_WARN_RANGE_LOOP_ANALYSIS = YES;
				CLANG_WARN_STRICT_PROTOTYPES = YES;
				CLANG_WARN_SUSPICIOUS_MOVE = YES;
				CLANG_WARN_UNGUARDED_AVAILABILITY = YES_AGGRESSIVE;
				CLANG_WARN_UNREACHABLE_CODE = YES;
				CLANG_WARN__DUPLICATE_METHOD_MATCH = YES;
				COPY_PHASE_STRIP = NO;
				DEBUG_INFORMATION_FORMAT = dwarf;
				ENABLE_STRICT_OBJC_MSGSEND = YES;
				ENABLE_TESTABILITY = YES;
				GCC_C_LANGUAGE_STANDARD = gnu11;
				GCC_DYNAMIC_NO_PIC = NO;
				GCC_NO_COMMON_BLOCKS = YES;
				GCC_OPTIMIZATION_LEVEL = 0;
				GCC_PREPROCESSOR_DEFINITIONS = (
					"DEBUG=1",
					"$(inherited)",
				);
				GCC_WARN_64_TO_32_BIT_CONVERSION = YES;
				GCC_WARN_ABOUT_RETURN_TYPE = YES_ERROR;
				GCC_WARN_UNDECLARED_SELECTOR = YES;
				GCC_WARN_UNINITIALIZED_AUTOS = YES_AGGRESSIVE;
				GCC_WARN_UNUSED_FUNCTION = YES;
				GCC_WARN_UNUSED_VARIABLE = YES;
				IPHONEOS_DEPLOYMENT_TARGET = 14.2;
				MTL_ENABLE_DEBUG_INFO = INCLUDE_SOURCE;
				MTL_FAST_MATH = YES;
				ONLY_ACTIVE_ARCH = YES;
				SDKROOT = iphoneos;
				SWIFT_ACTIVE_COMPILATION_CONDITIONS = DEBUG;
				SWIFT_OPTIMIZATION_LEVEL = "-Onone";
			};
			name = Debug;
		};
		553986E7256114FC00F858E4 /* Release */ = {
			isa = XCBuildConfiguration;
			buildSettings = {
				ALWAYS_SEARCH_USER_PATHS = NO;
				CLANG_ANALYZER_NONNULL = YES;
				CLANG_ANALYZER_NUMBER_OBJECT_CONVERSION = YES_AGGRESSIVE;
				CLANG_CXX_LANGUAGE_STANDARD = "gnu++14";
				CLANG_CXX_LIBRARY = "libc++";
				CLANG_ENABLE_MODULES = YES;
				CLANG_ENABLE_OBJC_ARC = YES;
				CLANG_ENABLE_OBJC_WEAK = YES;
				CLANG_WARN_BLOCK_CAPTURE_AUTORELEASING = YES;
				CLANG_WARN_BOOL_CONVERSION = YES;
				CLANG_WARN_COMMA = YES;
				CLANG_WARN_CONSTANT_CONVERSION = YES;
				CLANG_WARN_DEPRECATED_OBJC_IMPLEMENTATIONS = YES;
				CLANG_WARN_DIRECT_OBJC_ISA_USAGE = YES_ERROR;
				CLANG_WARN_DOCUMENTATION_COMMENTS = YES;
				CLANG_WARN_EMPTY_BODY = YES;
				CLANG_WARN_ENUM_CONVERSION = YES;
				CLANG_WARN_INFINITE_RECURSION = YES;
				CLANG_WARN_INT_CONVERSION = YES;
				CLANG_WARN_NON_LITERAL_NULL_CONVERSION = YES;
				CLANG_WARN_OBJC_IMPLICIT_RETAIN_SELF = YES;
				CLANG_WARN_OBJC_LITERAL_CONVERSION = YES;
				CLANG_WARN_OBJC_ROOT_CLASS = YES_ERROR;
				CLANG_WARN_QUOTED_INCLUDE_IN_FRAMEWORK_HEADER = YES;
				CLANG_WARN_RANGE_LOOP_ANALYSIS = YES;
				CLANG_WARN_STRICT_PROTOTYPES = YES;
				CLANG_WARN_SUSPICIOUS_MOVE = YES;
				CLANG_WARN_UNGUARDED_AVAILABILITY = YES_AGGRESSIVE;
				CLANG_WARN_UNREACHABLE_CODE = YES;
				CLANG_WARN__DUPLICATE_METHOD_MATCH = YES;
				COPY_PHASE_STRIP = NO;
				DEBUG_INFORMATION_FORMAT = "dwarf-with-dsym";
				ENABLE_NS_ASSERTIONS = NO;
				ENABLE_STRICT_OBJC_MSGSEND = YES;
				GCC_C_LANGUAGE_STANDARD = gnu11;
				GCC_NO_COMMON_BLOCKS = YES;
				GCC_WARN_64_TO_32_BIT_CONVERSION = YES;
				GCC_WARN_ABOUT_RETURN_TYPE = YES_ERROR;
				GCC_WARN_UNDECLARED_SELECTOR = YES;
				GCC_WARN_UNINITIALIZED_AUTOS = YES_AGGRESSIVE;
				GCC_WARN_UNUSED_FUNCTION = YES;
				GCC_WARN_UNUSED_VARIABLE = YES;
				IPHONEOS_DEPLOYMENT_TARGET = 14.2;
				MTL_ENABLE_DEBUG_INFO = NO;
				MTL_FAST_MATH = YES;
				SDKROOT = iphoneos;
				SWIFT_COMPILATION_MODE = wholemodule;
				SWIFT_OPTIMIZATION_LEVEL = "-O";
				VALIDATE_PRODUCT = YES;
			};
			name = Release;
		};
		553986E9256114FC00F858E4 /* Debug */ = {
			isa = XCBuildConfiguration;
			buildSettings = {
				ASSETCATALOG_COMPILER_APPICON_NAME = AppIcon;
				ASSETCATALOG_COMPILER_GLOBAL_ACCENT_COLOR_NAME = AccentColor;
				CODE_SIGN_STYLE = Automatic;
				DEVELOPMENT_ASSET_PATHS = "\"ifconfig/Preview Content\"";
				DEVELOPMENT_TEAM = B2VB6XBSPA;
				ENABLE_PREVIEWS = YES;
				INFOPLIST_FILE = ifconfig/Info.plist;
				IPHONEOS_DEPLOYMENT_TARGET = 14.0;
				LD_RUNPATH_SEARCH_PATHS = (
					"$(inherited)",
					"@executable_path/Frameworks",
				);
				PRODUCT_BUNDLE_IDENTIFIER = it.eliseomartelli.ifconfig;
				PRODUCT_NAME = "$(TARGET_NAME)";
				SWIFT_VERSION = 5.0;
				TARGETED_DEVICE_FAMILY = "1,2";
			};
			name = Debug;
		};
		553986EA256114FC00F858E4 /* Release */ = {
			isa = XCBuildConfiguration;
			buildSettings = {
				ASSETCATALOG_COMPILER_APPICON_NAME = AppIcon;
				ASSETCATALOG_COMPILER_GLOBAL_ACCENT_COLOR_NAME = AccentColor;
				CODE_SIGN_STYLE = Automatic;
				DEVELOPMENT_ASSET_PATHS = "\"ifconfig/Preview Content\"";
				DEVELOPMENT_TEAM = B2VB6XBSPA;
				ENABLE_PREVIEWS = YES;
				INFOPLIST_FILE = ifconfig/Info.plist;
				IPHONEOS_DEPLOYMENT_TARGET = 14.0;
				LD_RUNPATH_SEARCH_PATHS = (
					"$(inherited)",
					"@executable_path/Frameworks",
				);
				PRODUCT_BUNDLE_IDENTIFIER = it.eliseomartelli.ifconfig;
				PRODUCT_NAME = "$(TARGET_NAME)";
				SWIFT_VERSION = 5.0;
				TARGETED_DEVICE_FAMILY = "1,2";
			};
			name = Release;
		};
		553986EC256114FC00F858E4 /* Debug */ = {
			isa = XCBuildConfiguration;
			buildSettings = {
				ALWAYS_EMBED_SWIFT_STANDARD_LIBRARIES = YES;
				BUNDLE_LOADER = "$(TEST_HOST)";
				CODE_SIGN_STYLE = Automatic;
				DEVELOPMENT_TEAM = B2VB6XBSPA;
				INFOPLIST_FILE = ifconfigTests/Info.plist;
				IPHONEOS_DEPLOYMENT_TARGET = 14.0;
				LD_RUNPATH_SEARCH_PATHS = (
					"$(inherited)",
					"@executable_path/Frameworks",
					"@loader_path/Frameworks",
				);
				PRODUCT_BUNDLE_IDENTIFIER = it.eliseomartelli.ifconfigTests;
				PRODUCT_NAME = "$(TARGET_NAME)";
				SWIFT_VERSION = 5.0;
				TARGETED_DEVICE_FAMILY = "1,2";
				TEST_HOST = "$(BUILT_PRODUCTS_DIR)/ifconfig.app/ifconfig";
			};
			name = Debug;
		};
		553986ED256114FC00F858E4 /* Release */ = {
			isa = XCBuildConfiguration;
			buildSettings = {
				ALWAYS_EMBED_SWIFT_STANDARD_LIBRARIES = YES;
				BUNDLE_LOADER = "$(TEST_HOST)";
				CODE_SIGN_STYLE = Automatic;
				DEVELOPMENT_TEAM = B2VB6XBSPA;
				INFOPLIST_FILE = ifconfigTests/Info.plist;
				IPHONEOS_DEPLOYMENT_TARGET = 14.0;
				LD_RUNPATH_SEARCH_PATHS = (
					"$(inherited)",
					"@executable_path/Frameworks",
					"@loader_path/Frameworks",
				);
				PRODUCT_BUNDLE_IDENTIFIER = it.eliseomartelli.ifconfigTests;
				PRODUCT_NAME = "$(TARGET_NAME)";
				SWIFT_VERSION = 5.0;
				TARGETED_DEVICE_FAMILY = "1,2";
				TEST_HOST = "$(BUILT_PRODUCTS_DIR)/ifconfig.app/ifconfig";
			};
			name = Release;
		};
		553986EF256114FC00F858E4 /* Debug */ = {
			isa = XCBuildConfiguration;
			buildSettings = {
				ALWAYS_EMBED_SWIFT_STANDARD_LIBRARIES = YES;
				CODE_SIGN_STYLE = Automatic;
				DEVELOPMENT_TEAM = B2VB6XBSPA;
				INFOPLIST_FILE = ifconfigUITests/Info.plist;
				LD_RUNPATH_SEARCH_PATHS = (
					"$(inherited)",
					"@executable_path/Frameworks",
					"@loader_path/Frameworks",
				);
				PRODUCT_BUNDLE_IDENTIFIER = it.eliseomartelli.ifconfigUITests;
				PRODUCT_NAME = "$(TARGET_NAME)";
				SWIFT_VERSION = 5.0;
				TARGETED_DEVICE_FAMILY = "1,2";
				TEST_TARGET_NAME = ifconfig;
			};
			name = Debug;
		};
		553986F0256114FC00F858E4 /* Release */ = {
			isa = XCBuildConfiguration;
			buildSettings = {
				ALWAYS_EMBED_SWIFT_STANDARD_LIBRARIES = YES;
				CODE_SIGN_STYLE = Automatic;
				DEVELOPMENT_TEAM = B2VB6XBSPA;
				INFOPLIST_FILE = ifconfigUITests/Info.plist;
				LD_RUNPATH_SEARCH_PATHS = (
					"$(inherited)",
					"@executable_path/Frameworks",
					"@loader_path/Frameworks",
				);
				PRODUCT_BUNDLE_IDENTIFIER = it.eliseomartelli.ifconfigUITests;
				PRODUCT_NAME = "$(TARGET_NAME)";
				SWIFT_VERSION = 5.0;
				TARGETED_DEVICE_FAMILY = "1,2";
				TEST_TARGET_NAME = ifconfig;
			};
			name = Release;
		};
/* End XCBuildConfiguration section */

/* Begin XCConfigurationList section */
		553986BE256114F900F858E4 /* Build configuration list for PBXProject "ifconfig" */ = {
			isa = XCConfigurationList;
			buildConfigurations = (
				553986E6256114FC00F858E4 /* Debug */,
				553986E7256114FC00F858E4 /* Release */,
			);
			defaultConfigurationIsVisible = 0;
			defaultConfigurationName = Release;
		};
		553986E8256114FC00F858E4 /* Build configuration list for PBXNativeTarget "ifconfig" */ = {
			isa = XCConfigurationList;
			buildConfigurations = (
				553986E9256114FC00F858E4 /* Debug */,
				553986EA256114FC00F858E4 /* Release */,
			);
			defaultConfigurationIsVisible = 0;
			defaultConfigurationName = Release;
		};
		553986EB256114FC00F858E4 /* Build configuration list for PBXNativeTarget "ifconfigTests" */ = {
			isa = XCConfigurationList;
			buildConfigurations = (
				553986EC256114FC00F858E4 /* Debug */,
				553986ED256114FC00F858E4 /* Release */,
			);
			defaultConfigurationIsVisible = 0;
			defaultConfigurationName = Release;
		};
		553986EE256114FC00F858E4 /* Build configuration list for PBXNativeTarget "ifconfigUITests" */ = {
			isa = XCConfigurationList;
			buildConfigurations = (
				553986EF256114FC00F858E4 /* Debug */,
				553986F0256114FC00F858E4 /* Release */,
			);
			defaultConfigurationIsVisible = 0;
			defaultConfigurationName = Release;
		};
/* End XCConfigurationList section */
	};
	rootObject = 553986BB256114F900F858E4 /* Project object */;
}
